
Microsoft Visual Studio Solution File, Format Version 12.00
# Visual Studio 2012
Project("{FAE04EC0-301F-11D3-BF4B-00C04F79EFBC}") = "MfGames.Commands", "MfGames.Commands\MfGames.Commands.csproj", "{9E517018-C1D3-46AD-AA1D-E6FB45165A3F}"
EndProject
Project("{FAE04EC0-301F-11D3-BF4B-00C04F79EFBC}") = "MfGames.Commands.Tests", "MfGames.Commands.Tests\MfGames.Commands.Tests.csproj", "{7519FC3F-6BF9-424D-8B7D-7139D53D0597}"
EndProject
Project("{2150E333-8FDC-42A3-9474-1A3956D46DE8}") = "Tests", "Tests", "{2157F8DA-0839-432D-A9C6-40F8DB865FEE}"
EndProject
Project("{2150E333-8FDC-42A3-9474-1A3956D46DE8}") = ".nuget", ".nuget", "{18908B86-E2FD-4955-BF48-105ADFB069EF}"
	ProjectSection(SolutionItems) = preProject
		.nuget\NuGet.Config = .nuget\NuGet.Config
		.nuget\NuGet.exe = .nuget\NuGet.exe
		.nuget\NuGet.targets = .nuget\NuGet.targets
	EndProjectSection
EndProject
Project("{FAE04EC0-301F-11D3-BF4B-00C04F79EFBC}") = "MfGames.Commands.TextEditing", "MfGames.Commands.TextEditing\MfGames.Commands.TextEditing.csproj", "{86819A8B-57D0-42FC-9232-382BE6877FB5}"
EndProject
Project("{2150E333-8FDC-42A3-9474-1A3956D46DE8}") = "Solution Items", "Solution Items", "{FE07ADF8-2AFE-4B0E-B588-110F4944BF7D}"
	ProjectSection(SolutionItems) = preProject
		..\README.markdown = ..\README.markdown
		..\RELEASE.markdown = ..\RELEASE.markdown
	EndProjectSection
EndProject
Global
	GlobalSection(SolutionConfigurationPlatforms) = preSolution
		Debug|Any CPU = Debug|Any CPU
		Debug|x86 = Debug|x86
		Release|Any CPU = Release|Any CPU
		Release|x86 = Release|x86
	EndGlobalSection
	GlobalSection(ProjectConfigurationPlatforms) = postSolution
		{9E517018-C1D3-46AD-AA1D-E6FB45165A3F}.Debug|Any CPU.ActiveCfg = Debug|Any CPU
		{9E517018-C1D3-46AD-AA1D-E6FB45165A3F}.Debug|Any CPU.Build.0 = Debug|Any CPU
		{9E517018-C1D3-46AD-AA1D-E6FB45165A3F}.Debug|x86.ActiveCfg = Debug|Any CPU
		{9E517018-C1D3-46AD-AA1D-E6FB45165A3F}.Release|Any CPU.ActiveCfg = Release|Any CPU
		{9E517018-C1D3-46AD-AA1D-E6FB45165A3F}.Release|Any CPU.Build.0 = Release|Any CPU
		{9E517018-C1D3-46AD-AA1D-E6FB45165A3F}.Release|x86.ActiveCfg = Release|Any CPU
		{7519FC3F-6BF9-424D-8B7D-7139D53D0597}.Debug|Any CPU.ActiveCfg = Debug|Any CPU
		{7519FC3F-6BF9-424D-8B7D-7139D53D0597}.Debug|Any CPU.Build.0 = Debug|Any CPU
		{7519FC3F-6BF9-424D-8B7D-7139D53D0597}.Debug|x86.ActiveCfg = Debug|Any CPU
		{7519FC3F-6BF9-424D-8B7D-7139D53D0597}.Release|Any CPU.ActiveCfg = Release|Any CPU
		{7519FC3F-6BF9-424D-8B7D-7139D53D0597}.Release|Any CPU.Build.0 = Release|Any CPU
		{7519FC3F-6BF9-424D-8B7D-7139D53D0597}.Release|x86.ActiveCfg = Release|Any CPU
		{86819A8B-57D0-42FC-9232-382BE6877FB5}.Debug|Any CPU.ActiveCfg = Debug|Any CPU
		{86819A8B-57D0-42FC-9232-382BE6877FB5}.Debug|Any CPU.Build.0 = Debug|Any CPU
		{86819A8B-57D0-42FC-9232-382BE6877FB5}.Debug|x86.ActiveCfg = Debug|Any CPU
		{86819A8B-57D0-42FC-9232-382BE6877FB5}.Release|Any CPU.ActiveCfg = Release|Any CPU
		{86819A8B-57D0-42FC-9232-382BE6877FB5}.Release|Any CPU.Build.0 = Release|Any CPU
		{86819A8B-57D0-42FC-9232-382BE6877FB5}.Release|x86.ActiveCfg = Release|Any CPU
	EndGlobalSection
	GlobalSection(SolutionProperties) = preSolution
		HideSolutionNode = FALSE
	EndGlobalSection
	GlobalSection(NestedProjects) = preSolution
		{7519FC3F-6BF9-424D-8B7D-7139D53D0597} = {2157F8DA-0839-432D-A9C6-40F8DB865FEE}
	EndGlobalSection
	GlobalSection(MonoDevelopProperties) = preSolution
		StartupItem = GtkExtDemo\GtkExtDemo.csproj
	EndGlobalSection
EndGlobal
